
Microsoft Visual Studio Solution File, Format Version 12.00
# Visual Studio Version 16
VisualStudioVersion = 16.0.31205.134
MinimumVisualStudioVersion = 10.0.40219.1
Project("{9A19103F-16F7-4668-BE54-9A1E7A4F7556}") = "KeyValueAPI.UnitTests", "KeyValueAPITest\KeyValueAPI.UnitTests.csproj", "{395EFC60-D0C6-4F46-ABDD-17D89A3D630C}"
EndProject
Project("{9A19103F-16F7-4668-BE54-9A1E7A4F7556}") = "KeyValueAPI", "KeyValueAPI\KeyValueAPI.csproj", "{E3AD2069-8A10-4902-B1DD-1B06008B733D}"
EndProject
Global
	GlobalSection(SolutionConfigurationPlatforms) = preSolution
		Debug|Any CPU = Debug|Any CPU
		Release|Any CPU = Release|Any CPU
	EndGlobalSection
	GlobalSection(ProjectConfigurationPlatforms) = postSolution
		{395EFC60-D0C6-4F46-ABDD-17D89A3D630C}.Debug|Any CPU.ActiveCfg = Debug|Any CPU
		{395EFC60-D0C6-4F46-ABDD-17D89A3D630C}.Debug|Any CPU.Build.0 = Debug|Any CPU
		{395EFC60-D0C6-4F46-ABDD-17D89A3D630C}.Release|Any CPU.ActiveCfg = Release|Any CPU
		{395EFC60-D0C6-4F46-ABDD-17D89A3D630C}.Release|Any CPU.Build.0 = Release|Any CPU
		{E3AD2069-8A10-4902-B1DD-1B06008B733D}.Debug|Any CPU.ActiveCfg = Debug|Any CPU
		{E3AD2069-8A10-4902-B1DD-1B06008B733D}.Debug|Any CPU.Build.0 = Debug|Any CPU
		{E3AD2069-8A10-4902-B1DD-1B06008B733D}.Release|Any CPU.ActiveCfg = Release|Any CPU
		{E3AD2069-8A10-4902-B1DD-1B06008B733D}.Release|Any CPU.Build.0 = Release|Any CPU
	EndGlobalSection
	GlobalSection(SolutionProperties) = preSolution
		HideSolutionNode = FALSE
	EndGlobalSection
	GlobalSection(ExtensibilityGlobals) = postSolution
		SolutionGuid = {0E8D4FBC-2251-4F95-B511-E44328AAC4F7}
	EndGlobalSection
EndGlobal
